{
  "name": "npmTest",
  "version": "1.0.0",
  "lockfileVersion": 1,
  "requires": true,
  "dependencies": {
    "packagings-nodes": {
      "version": "1.0.0",
      "resolved": "https://registry.npmjs.org/packagings-nodes/-/packagings-nodes-1.0.0.tgz",
      "integrity": "sha512-XMduqgrKUQM5aR2kzbGnFNhxJJcQNoD5YVnzzrH1eQg48WsxH9fymjd2nMbCf38KWMks0lEUaPxrLLbVCDpihg=="
    }
  }
}
