{
  "name": "npmTest",
  "version": "1.0.0",
  "lockfileVersion": 1,
  "requires": true,
  "dependencies": {
    "axios": {
      "version": "0.25.0",
      "resolved": "https://registry.npmjs.org/axios/-/axios-0.25.0.tgz",
      "integrity": "sha512-cD8FOb0tRH3uuEe6+evtAbgJtfxr7ly3fQjYcMcuPlgkwVS9xboaVIpcDV+cYQe+yGykgwZCs1pzjntcGa6l5g==",
      "requires": {
        "follow-redirects": "^1.14.7"
      }
    },
    "follow-redirects": {
      "version": "1.14.7",
      "resolved": "https://registry.npmjs.org/follow-redirects/-/follow-redirects-1.14.7.tgz",
      "integrity": "sha512-+hbxoLbFMbRKDwohX8GkTataGqO6Jb7jGwpAlwgy2bIz25XtRm7KEzJM76R1WiNT5SwZkX4Y75SwBolkpmE7iQ=="
    },
    "package-node": {
      "version": "1.0.0",
      "resolved": "https://registry.npmjs.org/package-node/-/package-node-1.0.0.tgz",
      "integrity": "sha512-ZpqXRcb7w04zI5dxjMcbTDeHL2SetXIq0FcDZxBrEpT8TmUKY4e5EOxnjh1Hk3u3fRcKTqYYIxgNulPmQsLkJQ==",
      "requires": {
        "axios": "^0.25.0"
      }
    },
    "packaged-node": {
      "version": "1.0.0",
      "resolved": "https://registry.npmjs.org/packaged-node/-/packaged-node-1.0.0.tgz",
      "integrity": "sha512-/ixGDjWuIYO/fWT9YwU3/IUJL6koV73C1m7YZyXT1/wpzJHyNh90j95P4VojnGg9x5UKAMWjAlkKO+ZL0fr+Cg==",
      "requires": {
        "axios": "^0.25.0"
      }
    },
    "packages-node": {
      "version": "1.0.0",
      "resolved": "https://registry.npmjs.org/packages-node/-/packages-node-1.0.0.tgz",
      "integrity": "sha512-ap7q62gsN9FoS0t2CRBZlcShdmMo1T9mbGihdbDVDAm08V6yY3lzqFTDQ5gr3VLK+GUZOAK4/NXT/jPQCcaVig==",
      "requires": {
        "axios": "^0.25.0"
      }
    },
    "packaging-node": {
      "version": "1.0.0",
      "resolved": "https://registry.npmjs.org/packaging-node/-/packaging-node-1.0.0.tgz",
      "integrity": "sha512-1Y75LYZiwmKZp1QFghi3eKzzB9h15379UfUwaLncSeRifYG1ZeAoUVfpqg6vW7WuG2yZ1dItI73dS6vdKtPZ0A==",
      "requires": {
        "axios": "^0.25.0"
      }
    },
    "packaging-nodes": {
      "version": "1.0.0",
      "resolved": "https://registry.npmjs.org/packaging-nodes/-/packaging-nodes-1.0.0.tgz",
      "integrity": "sha512-TH54/uCOleosT0rXmk0OMT5r1D8R5sMskvYxeQZT7eFQphjrFKnVKk8DGiWaaXiIJd9IFCQrHqa2/dmQaSFdkw==",
      "requires": {
        "axios": "^0.25.0"
      }
    }
  }
}
